
Microsoft Visual Studio Solution File, Format Version 12.00
# Visual Studio Version 17
VisualStudioVersion = 17.7.34003.232
MinimumVisualStudioVersion = 10.0.40219.1
Project("{FAE04EC0-301F-11D3-BF4B-00C04F79EFBC}") = "DataConversionAndExceptionInCSharp", "DataConversionAndExceptionInCSharp\DataConversionAndExceptionInCSharp.csproj", "{946FB5D3-7D0C-41CB-9946-241277BCB95C}"
EndProject
Global
	GlobalSection(SolutionConfigurationPlatforms) = preSolution
		Debug|Any CPU = Debug|Any CPU
		Release|Any CPU = Release|Any CPU
	EndGlobalSection
	GlobalSection(ProjectConfigurationPlatforms) = postSolution
		{946FB5D3-7D0C-41CB-9946-241277BCB95C}.Debug|Any CPU.ActiveCfg = Debug|Any CPU
		{946FB5D3-7D0C-41CB-9946-241277BCB95C}.Debug|Any CPU.Build.0 = Debug|Any CPU
		{946FB5D3-7D0C-41CB-9946-241277BCB95C}.Release|Any CPU.ActiveCfg = Release|Any CPU
		{946FB5D3-7D0C-41CB-9946-241277BCB95C}.Release|Any CPU.Build.0 = Release|Any CPU
	EndGlobalSection
	GlobalSection(SolutionProperties) = preSolution
		HideSolutionNode = FALSE
	EndGlobalSection
	GlobalSection(ExtensibilityGlobals) = postSolution
		SolutionGuid = {FF14435D-1528-481B-9680-9EB0993F5D5F}
	EndGlobalSection
EndGlobal
